{
  "name": "@clickflow/lambda-hydrator",
  "version": "2.0.0",
  "lockfileVersion": 2,
  "requires": true,
  "packages": {
    "": {
      "name": "@clickflow/lambda-hydrator",
      "version": "2.0.0",
      "license": "ISC",
      "dependencies": {
        "@1mill/cloudevents": "^0.10.4"
      }
    },
    "node_modules/@1mill/cloudevents": {
      "version": "0.10.4",
      "resolved": "https://registry.npmjs.org/@1mill/cloudevents/-/cloudevents-0.10.4.tgz",
      "integrity": "sha512-7FBOveU7IApbq5OStg+KbACDiD2g4fpMPlQMor/KLlLuWEMeuXwe7Jp9H2hC0Rc8Z5fNNteA15y5nPcby/q1fg==",
      "dependencies": {
        "kafkajs": "1.12.0"
      }
    },
    "node_modules/kafkajs": {
      "version": "1.12.0",
      "resolved": "https://registry.npmjs.org/kafkajs/-/kafkajs-1.12.0.tgz",
      "integrity": "sha512-Izkd9iFRgeeKaHEgVpGQH08ygzCbHSxTbnu8W3G3uiNaVjGibUTmTwjv1Qf2M8NORXcPfzwVyg6bBlVj4SKr9g==",
      "dependencies": {
        "long": "^4.0.0"
      },
      "engines": {
        "node": ">=8.6.0"
      }
    },
    "node_modules/long": {
      "version": "4.0.0",
      "resolved": "https://registry.npmjs.org/long/-/long-4.0.0.tgz",
      "integrity": "sha512-XsP+KhQif4bjX1kbuSiySJFNAehNxgLb6hPRGJ9QsUr8ajHkuXGdrHmFUTUUXhDwVX2R5bY4JNZEwbUiMhV+MA=="
    }
  },
  "dependencies": {
    "@1mill/cloudevents": {
      "version": "0.10.4",
      "resolved": "https://registry.npmjs.org/@1mill/cloudevents/-/cloudevents-0.10.4.tgz",
      "integrity": "sha512-7FBOveU7IApbq5OStg+KbACDiD2g4fpMPlQMor/KLlLuWEMeuXwe7Jp9H2hC0Rc8Z5fNNteA15y5nPcby/q1fg==",
      "requires": {
        "kafkajs": "1.12.0"
      }
    },
    "kafkajs": {
      "version": "1.12.0",
      "resolved": "https://registry.npmjs.org/kafkajs/-/kafkajs-1.12.0.tgz",
      "integrity": "sha512-Izkd9iFRgeeKaHEgVpGQH08ygzCbHSxTbnu8W3G3uiNaVjGibUTmTwjv1Qf2M8NORXcPfzwVyg6bBlVj4SKr9g==",
      "requires": {
        "long": "^4.0.0"
      }
    },
    "long": {
      "version": "4.0.0",
      "resolved": "https://registry.npmjs.org/long/-/long-4.0.0.tgz",
      "integrity": "sha512-XsP+KhQif4bjX1kbuSiySJFNAehNxgLb6hPRGJ9QsUr8ajHkuXGdrHmFUTUUXhDwVX2R5bY4JNZEwbUiMhV+MA=="
    }
  }
}
